# This file is automatically @generated by Cargo.
# It is not intended for manual editing.
version = 4

[[package]]
name = "aho-corasick"
version = "1.1.4"
source = "registry+https://github.com/rust-lang/crates.io-index"
checksum = "ddd31a130427c27518df266943a5308ed92d4b226cc639f5a8f1002816174301"
dependencies = [
 "memchr",
]

[[package]]
name = "anstream"
version = "0.6.21"
source = "registry+https://github.com/rust-lang/crates.io-index"
checksum = "43d5b281e737544384e969a5ccad3f1cdd24b48086a0fc1b2a5262a26b8f4f4a"
dependencies = [
 "anstyle",
 "anstyle-parse",
 "anstyle-query",
 "anstyle-wincon",
 "colorchoice",
 "is_terminal_polyfill",
 "utf8parse",
]

[[package]]
name = "anstyle"
version = "1.0.13"
source = "registry+https://github.com/rust-lang/crates.io-index"
checksum = "5192cca8006f1fd4f7237516f40fa183bb07f8fbdfedaa0036de5ea9b0b45e78"

[[package]]
name = "anstyle-parse"
version = "0.2.7"
source = "registry+https://github.com/rust-lang/crates.io-index"
checksum = "4e7644824f0aa2c7b9384579234ef10eb7efb6a0deb83f9630a49594dd9c15c2"
dependencies = [
 "utf8parse",
]

[[package]]
name = "anstyle-query"
version = "1.1.5"
source = "registry+https://github.com/rust-lang/crates.io-index"
checksum = "40c48f72fd53cd289104fc64099abca73db4166ad86ea0b4341abe65af83dadc"
dependencies = [
 "windows-sys 0.61.2",
]

[[package]]
name = "anstyle-wincon"
version = "3.0.11"
source = "registry+https://github.com/rust-lang/crates.io-index"
checksum = "291e6a250ff86cd4a820112fb8898808a366d8f9f58ce16d1f538353ad55747d"
dependencies = [
 "anstyle",
 "once_cell_polyfill",
 "windows-sys 0.61.2",
]

[[package]]
name = "anyhow"
version = "1.0.100"
source = "registry+https://github.com/rust-lang/crates.io-index"
checksum = "a23eb6b1614318a8071c9b2521f36b424b2c83db5eb3a0fead4a6c0809af6e61"

[[package]]
name = "arbgen"
version = "0.1.0"
dependencies = [
 "anyhow",
 "arborium",
 "clap",
 "notify",
 "owo-colors",
 "serde",
 "serde_yaml",
 "toml",
 "walkdir",
]

[[package]]
name = "arborium"
version = "2.12.4"
source = "registry+https://github.com/rust-lang/crates.io-index"
checksum = "72c7786491956470ff732a5cc5271973c0d35f2dfdd1c6a89554ffc436cb7f7d"
dependencies = [
 "arborium-ada",
 "arborium-agda",
 "arborium-asciidoc",
 "arborium-asm",
 "arborium-awk",
 "arborium-bash",
 "arborium-batch",
 "arborium-c",
 "arborium-c-sharp",
 "arborium-caddy",
 "arborium-capnp",
 "arborium-cedar",
 "arborium-cedarschema",
 "arborium-clojure",
 "arborium-cmake",
 "arborium-cobol",
 "arborium-commonlisp",
 "arborium-cpp",
 "arborium-css",
 "arborium-d",
 "arborium-dart",
 "arborium-devicetree",
 "arborium-diff",
 "arborium-dockerfile",
 "arborium-dot",
 "arborium-elisp",
 "arborium-elixir",
 "arborium-elm",
 "arborium-erlang",
 "arborium-fish",
 "arborium-fsharp",
 "arborium-gleam",
 "arborium-glsl",
 "arborium-go",
 "arborium-graphql",
 "arborium-groovy",
 "arborium-haskell",
 "arborium-hcl",
 "arborium-highlight",
 "arborium-hlsl",
 "arborium-html",
 "arborium-idris",
 "arborium-ini",
 "arborium-java",
 "arborium-javascript",
 "arborium-jinja2",
 "arborium-jq",
 "arborium-json",
 "arborium-julia",
 "arborium-kotlin",
 "arborium-lean",
 "arborium-lua",
 "arborium-markdown",
 "arborium-matlab",
 "arborium-meson",
 "arborium-nginx",
 "arborium-ninja",
 "arborium-nix",
 "arborium-objc",
 "arborium-ocaml",
 "arborium-perl",
 "arborium-php",
 "arborium-postscript",
 "arborium-powershell",
 "arborium-prolog",
 "arborium-python",
 "arborium-query",
 "arborium-r",
 "arborium-rescript",
 "arborium-ron",
 "arborium-ruby",
 "arborium-rust",
 "arborium-scala",
 "arborium-scheme",
 "arborium-scss",
 "arborium-solidity",
 "arborium-sparql",
 "arborium-sql",
 "arborium-ssh-config",
 "arborium-starlark",
 "arborium-styx",
 "arborium-svelte",
 "arborium-swift",
 "arborium-textproto",
 "arborium-theme",
 "arborium-thrift",
 "arborium-tlaplus",
 "arborium-toml",
 "arborium-tree-sitter",
 "arborium-tsx",
 "arborium-typescript",
 "arborium-typst",
 "arborium-uiua",
 "arborium-vb",
 "arborium-verilog",
 "arborium-vhdl",
 "arborium-vim",
 "arborium-vue",
 "arborium-wit",
 "arborium-x86asm",
 "arborium-xml",
 "arborium-yaml",
 "arborium-yuri",
 "arborium-zig",
 "arborium-zsh",
 "dlmalloc",
]

[[package]]
name = "arborium-ada"
version = "2.12.4"
source = "registry+https://github.com/rust-lang/crates.io-index"
checksum = "97ae3abb1b9ed2b6c3f3e6e12b22a8f258c75d9652f03cf05debd64946d5e8e4"
dependencies = [
 "arborium-sysroot",
 "cc",
 "tree-sitter-language",
]

[[package]]
name = "arborium-agda"
version = "2.12.4"
source = "registry+https://github.com/rust-lang/crates.io-index"
checksum = "9f9c9d5da1fbfbe1bb258e8af29af3267ff3d4a1798bc7671a6755534d9a1c16"
dependencies = [
 "arborium-sysroot",
 "cc",
 "tree-sitter-language",
]

[[package]]
name = "arborium-asciidoc"
version = "2.12.4"
source = "registry+https://github.com/rust-lang/crates.io-index"
checksum = "6f8e923fea34f57d87b5b9361d5791a53acc4fa6a15a540a26e142008c36a60e"
dependencies = [
 "arborium-sysroot",
 "cc",
 "tree-sitter-language",
]

[[package]]
name = "arborium-asm"
version = "2.12.4"
source = "registry+https://github.com/rust-lang/crates.io-index"
checksum = "2e0d5cd1bdf8f0d3ca82b902d04e50787def9031ad24d7563560019a72064209"
dependencies = [
 "arborium-sysroot",
 "cc",
 "tree-sitter-language",
]

[[package]]
name = "arborium-awk"
version = "2.12.4"
source = "registry+https://github.com/rust-lang/crates.io-index"
checksum = "d48f6f6c9e74b9d10a630c7e89b849defef861d7857f5a4055ef7830fa8693a1"
dependencies = [
 "arborium-sysroot",
 "cc",
 "tree-sitter-language",
]

[[package]]
name = "arborium-bash"
version = "2.12.4"
source = "registry+https://github.com/rust-lang/crates.io-index"
checksum = "0fe312fd21527075e4b78009ad0cf9f05cf67952ff48e0fe521ca1da13e962a7"
dependencies = [
 "arborium-sysroot",
 "cc",
 "tree-sitter-language",
]

[[package]]
name = "arborium-batch"
version = "2.12.4"
source = "registry+https://github.com/rust-lang/crates.io-index"
checksum = "52cc7d5c87b1f6a10b1aa47c3b8eafbbbe4672fe41b0818f31fefe43aba9035c"
dependencies = [
 "arborium-sysroot",
 "cc",
 "tree-sitter-language",
]

[[package]]
name = "arborium-c"
version = "2.12.4"
source = "registry+https://github.com/rust-lang/crates.io-index"
checksum = "347940e849ca6483f77250a798c2406791ee5d6199e6eb1d471b7fba423d3951"
dependencies = [
 "arborium-sysroot",
 "cc",
 "tree-sitter-language",
]

[[package]]
name = "arborium-c-sharp"
version = "2.12.4"
source = "registry+https://github.com/rust-lang/crates.io-index"
checksum = "a3f72201571dd3c3a68b47442e9eb781c0693e6964b97287a568a1faff9f45e0"
dependencies = [
 "arborium-sysroot",
 "cc",
 "tree-sitter-language",
]

[[package]]
name = "arborium-caddy"
version = "2.12.4"
source = "registry+https://github.com/rust-lang/crates.io-index"
checksum = "94fbb0a762e53561f11d7ab3d47e8f151212c1a16cb550cb4aa70e2d668b0b89"
dependencies = [
 "arborium-sysroot",
 "cc",
 "tree-sitter-language",
]

[[package]]
name = "arborium-capnp"
version = "2.12.4"
source = "registry+https://github.com/rust-lang/crates.io-index"
checksum = "a07b68ecf148178532c433c647407cf3ea7c8764e41ec37733bbd74df6d55f4f"
dependencies = [
 "arborium-sysroot",
 "cc",
 "tree-sitter-language",
]

[[package]]
name = "arborium-cedar"
version = "2.12.4"
source = "registry+https://github.com/rust-lang/crates.io-index"
checksum = "4ae5871a26f54326af2389b7ba524a65f62977dbde7f4ec1f1b131f9fd5cac57"
dependencies = [
 "arborium-sysroot",
 "cc",
 "tree-sitter-language",
]

[[package]]
name = "arborium-cedarschema"
version = "2.12.4"
source = "registry+https://github.com/rust-lang/crates.io-index"
checksum = "6d855b30c4a781dbcd9868de60d0879e9915b4e9d59018034683c48d79079f89"
dependencies = [
 "arborium-sysroot",
 "cc",
 "tree-sitter-language",
]

[[package]]
name = "arborium-clojure"
version = "2.12.4"
source = "registry+https://github.com/rust-lang/crates.io-index"
checksum = "da92add3952cf6aaabd3225a05d98d8a9d08ca2904b8a2fc632a54cd6133625b"
dependencies = [
 "arborium-sysroot",
 "cc",
 "tree-sitter-language",
]

[[package]]
name = "arborium-cmake"
version = "2.12.4"
source = "registry+https://github.com/rust-lang/crates.io-index"
checksum = "301d907865a1daacb94d0aef781c6e214a4839bbb1ad7ba4d6eb47e11384ff14"
dependencies = [
 "arborium-sysroot",
 "cc",
 "tree-sitter-language",
]

[[package]]
name = "arborium-cobol"
version = "2.12.4"
source = "registry+https://github.com/rust-lang/crates.io-index"
checksum = "e2d4cf13d989dfa9539ca45d4db92b31c3f87b0cb88c4a85f086aec4f53002f5"
dependencies = [
 "arborium-sysroot",
 "cc",
 "tree-sitter-language",
]

[[package]]
name = "arborium-commonlisp"
version = "2.12.4"
source = "registry+https://github.com/rust-lang/crates.io-index"
checksum = "e33685b00e717cdb13e78becea81bf1e606ed37ac787eaac897ac02b60235a1e"
dependencies = [
 "arborium-sysroot",
 "cc",
 "tree-sitter-language",
]

[[package]]
name = "arborium-cpp"
version = "2.12.4"
source = "registry+https://github.com/rust-lang/crates.io-index"
checksum = "7e87f9d57603ca5c28208d31254d704be220f3b55f74779d286262859db7a4fc"
dependencies = [
 "arborium-c",
 "arborium-sysroot",
 "cc",
 "tree-sitter-language",
]

[[package]]
name = "arborium-css"
version = "2.12.4"
source = "registry+https://github.com/rust-lang/crates.io-index"
checksum = "4044f89d981077214cb1d35784c09617c11efefd8c1ec40b48b11984a639d429"
dependencies = [
 "arborium-sysroot",
 "cc",
 "tree-sitter-language",
]

[[package]]
name = "arborium-d"
version = "2.12.4"
source = "registry+https://github.com/rust-lang/crates.io-index"
checksum = "4b82dbcdc4b1b81eb7d97d3eed69580a9f7f3e0f85385c022e6c53cb6dd0fc3c"
dependencies = [
 "arborium-sysroot",
 "cc",
 "tree-sitter-language",
]

[[package]]
name = "arborium-dart"
version = "2.12.4"
source = "registry+https://github.com/rust-lang/crates.io-index"
checksum = "673a164d3d87c890d44b07f61ba6565a6fbfb78a75e8d1d3d6165c0d61ea1c12"
dependencies = [
 "arborium-sysroot",
 "cc",
 "tree-sitter-language",
]

[[package]]
name = "arborium-devicetree"
version = "2.12.4"
source = "registry+https://github.com/rust-lang/crates.io-index"
checksum = "a94170eb55c59ade1fe52d24b9251d604147e5cb46ef0f2c93af0560a21228bc"
dependencies = [
 "arborium-sysroot",
 "cc",
 "tree-sitter-language",
]

[[package]]
name = "arborium-diff"
version = "2.12.4"
source = "registry+https://github.com/rust-lang/crates.io-index"
checksum = "7a129dbad71091e433c90f2fc2adfe38a6bda662375ab1ee6cbee5a3271ec6dd"
dependencies = [
 "arborium-sysroot",
 "cc",
 "tree-sitter-language",
]

[[package]]
name = "arborium-dockerfile"
version = "2.12.4"
source = "registry+https://github.com/rust-lang/crates.io-index"
checksum = "e5af833d90ca63e4ec743d44faeda657c5bcf65598100f2aca62ac3bf73c1cf1"
dependencies = [
 "arborium-sysroot",
 "cc",
 "tree-sitter-language",
]

[[package]]
name = "arborium-dot"
version = "2.12.4"
source = "registry+https://github.com/rust-lang/crates.io-index"
checksum = "b901db8bb6415cac8ee4d12f301525a38e1e3dee6e80121a05bb2cd0d7d78e40"
dependencies = [
 "arborium-sysroot",
 "cc",
 "tree-sitter-language",
]

[[package]]
name = "arborium-elisp"
version = "2.12.4"
source = "registry+https://github.com/rust-lang/crates.io-index"
checksum = "771396645c9887149c09bfb891ab4888705cf5bb0b0b7cb9e6cf43576ec25f46"
dependencies = [
 "arborium-sysroot",
 "cc",
 "tree-sitter-language",
]

[[package]]
name = "arborium-elixir"
version = "2.12.4"
source = "registry+https://github.com/rust-lang/crates.io-index"
checksum = "acc511af64e3809745abf28e2dcb91972ab04e7334fed47ad95253d735cd0e21"
dependencies = [
 "arborium-sysroot",
 "cc",
 "tree-sitter-language",
]

[[package]]
name = "arborium-elm"
version = "2.12.4"
source = "registry+https://github.com/rust-lang/crates.io-index"
checksum = "bbc0ce68677ef245b344c4605ef04b467304b730bd39b56813b214c59c80bcc9"
dependencies = [
 "arborium-sysroot",
 "cc",
 "tree-sitter-language",
]

[[package]]
name = "arborium-erlang"
version = "2.12.4"
source = "registry+https://github.com/rust-lang/crates.io-index"
checksum = "b9f3a0a04d0bfb9ca5fceb52af7b8fab05c61efaa1894fb8bf4cf2aa7e548a40"
dependencies = [
 "arborium-sysroot",
 "cc",
 "tree-sitter-language",
]

[[package]]
name = "arborium-fish"
version = "2.12.4"
source = "registry+https://github.com/rust-lang/crates.io-index"
checksum = "77ab812a3073be9659512b52f09c99cafc0635f9aa12fc09b80005786f333452"
dependencies = [
 "arborium-sysroot",
 "cc",
 "tree-sitter-language",
]

[[package]]
name = "arborium-fsharp"
version = "2.12.4"
source = "registry+https://github.com/rust-lang/crates.io-index"
checksum = "8e53053f3a4a594604a145a85a654e663893598a2c26a4caa6398ea679de14ea"
dependencies = [
 "arborium-sysroot",
 "cc",
 "tree-sitter-language",
]

[[package]]
name = "arborium-gleam"
version = "2.12.4"
source = "registry+https://github.com/rust-lang/crates.io-index"
checksum = "e96faffa731d53a084fdb811d1539d76a7084df99b85aafddde3eb8146d88ec2"
dependencies = [
 "arborium-sysroot",
 "cc",
 "tree-sitter-language",
]

[[package]]
name = "arborium-glsl"
version = "2.12.4"
source = "registry+https://github.com/rust-lang/crates.io-index"
checksum = "1296cb86e912801c4932f853d1eb9d2fcb99f1161092f4017f1ec012f9f3669a"
dependencies = [
 "arborium-c",
 "arborium-sysroot",
 "cc",
 "tree-sitter-language",
]

[[package]]
name = "arborium-go"
version = "2.12.4"
source = "registry+https://github.com/rust-lang/crates.io-index"
checksum = "6c3f5319dfb2baa5f6ebb4ff4f39b9f7957f3a096a690720b4c5d7db94f3c114"
dependencies = [
 "arborium-sysroot",
 "cc",
 "tree-sitter-language",
]

[[package]]
name = "arborium-graphql"
version = "2.12.4"
source = "registry+https://github.com/rust-lang/crates.io-index"
checksum = "7b6ec8a2525ac5e7c42299bbd2dd34b52356bcda39d1cb51ae44c85d29a989f8"
dependencies = [
 "arborium-sysroot",
 "cc",
 "tree-sitter-language",
]

[[package]]
name = "arborium-groovy"
version = "2.12.4"
source = "registry+https://github.com/rust-lang/crates.io-index"
checksum = "0e378c7c419bf9d550a09e9f41be7a25f822eff6bb6c4cdd24fdc63710c2246a"
dependencies = [
 "arborium-sysroot",
 "cc",
 "tree-sitter-language",
]

[[package]]
name = "arborium-haskell"
version = "2.12.4"
source = "registry+https://github.com/rust-lang/crates.io-index"
checksum = "9588062866f97886ca2a652e51de0c58d7bc9fc85e57f21cad1fea1152364ab0"
dependencies = [
 "arborium-sysroot",
 "cc",
 "tree-sitter-language",
]

[[package]]
name = "arborium-hcl"
version = "2.12.4"
source = "registry+https://github.com/rust-lang/crates.io-index"
checksum = "f76ae115c1971c205e080f2131a1457b90e550b61b177009a7ede681ade64bc8"
dependencies = [
 "arborium-sysroot",
 "cc",
 "tree-sitter-language",
]

[[package]]
name = "arborium-highlight"
version = "2.12.4"
source = "registry+https://github.com/rust-lang/crates.io-index"
checksum = "710007e055b8e84e6c1a13b5371a1dba3dcc4062aa97328dd5d5db12834b6b09"
dependencies = [
 "arborium-theme",
 "arborium-tree-sitter",
 "streaming-iterator",
]

[[package]]
name = "arborium-hlsl"
version = "2.12.4"
source = "registry+https://github.com/rust-lang/crates.io-index"
checksum = "8e66c9525962dffbb47515bfc6ca57e3c332c1841a93b2f768b420c3ab98e6cc"
dependencies = [
 "arborium-cpp",
 "arborium-sysroot",
 "cc",
 "tree-sitter-language",
]

[[package]]
name = "arborium-html"
version = "2.12.4"
source = "registry+https://github.com/rust-lang/crates.io-index"
checksum = "361ef4dd664d84b2c5b8028dd29a589635fe4bbe18965502f45f36520ae7a11a"
dependencies = [
 "arborium-css",
 "arborium-javascript",
 "arborium-sysroot",
 "cc",
 "tree-sitter-language",
]

[[package]]
name = "arborium-idris"
version = "2.12.4"
source = "registry+https://github.com/rust-lang/crates.io-index"
checksum = "259783ee5f63c0508880aaf8b49e6fd7f746252f9acdd283c608e08f748480e1"
dependencies = [
 "arborium-sysroot",
 "cc",
 "tree-sitter-language",
]

[[package]]
name = "arborium-ini"
version = "2.12.4"
source = "registry+https://github.com/rust-lang/crates.io-index"
checksum = "0e446eaf7c0b635ec75e7b5b339d92c015e66528bb8b960983b5ba369212c6dd"
dependencies = [
 "arborium-sysroot",
 "cc",
 "tree-sitter-language",
]

[[package]]
name = "arborium-java"
version = "2.12.4"
source = "registry+https://github.com/rust-lang/crates.io-index"
checksum = "7dced81f3601a0b9df4ac6e970bb24a0ba6a642e6d84b6307a3e4331f1a647f1"
dependencies = [
 "arborium-sysroot",
 "cc",
 "tree-sitter-language",
]

[[package]]
name = "arborium-javascript"
version = "2.12.4"
source = "registry+https://github.com/rust-lang/crates.io-index"
checksum = "dc16c4b8f7d921667d95665add5cb08c5cd52e8fdbeacf8a66a57d3e0e0ce5b9"
dependencies = [
 "arborium-sysroot",
 "cc",
 "tree-sitter-language",
]

[[package]]
name = "arborium-jinja2"
version = "2.12.4"
source = "registry+https://github.com/rust-lang/crates.io-index"
checksum = "948e4657c28af266ae3c0a2cf5799912fce476ffed58e0b678f302b8ff6f2528"
dependencies = [
 "arborium-sysroot",
 "cc",
 "tree-sitter-language",
]

[[package]]
name = "arborium-jq"
version = "2.12.4"
source = "registry+https://github.com/rust-lang/crates.io-index"
checksum = "9ee83df1c17f0443bd54942a6e655c60103aef5f710f613562fc25dd8250fdf9"
dependencies = [
 "arborium-sysroot",
 "cc",
 "tree-sitter-language",
]

[[package]]
name = "arborium-json"
version = "2.12.4"
source = "registry+https://github.com/rust-lang/crates.io-index"
checksum = "082e5d5dec5123a04f4c4f089a756439938979d4db9bded0b2abcf8307ea72c1"
dependencies = [
 "arborium-sysroot",
 "cc",
 "tree-sitter-language",
]

[[package]]
name = "arborium-julia"
version = "2.12.4"
source = "registry+https://github.com/rust-lang/crates.io-index"
checksum = "ccc1fb9382e14ba9990864233027ab4df1497c9ba645d2a0ed874fecd4bc689f"
dependencies = [
 "arborium-sysroot",
 "cc",
 "tree-sitter-language",
]

[[package]]
name = "arborium-kotlin"
version = "2.12.4"
source = "registry+https://github.com/rust-lang/crates.io-index"
checksum = "1b3ba7acb5ad0e54ade0aff8f1b8618b820dac7afce0e154bdb8f3637e930396"
dependencies = [
 "arborium-sysroot",
 "cc",
 "tree-sitter-language",
]

[[package]]
name = "arborium-lean"
version = "2.12.4"
source = "registry+https://github.com/rust-lang/crates.io-index"
checksum = "cb820141ad6108635cce10784887143f0260c2b2670b1499b37d198f24b1819a"
dependencies = [
 "arborium-sysroot",
 "cc",
 "tree-sitter-language",
]

[[package]]
name = "arborium-lua"
version = "2.12.4"
source = "registry+https://github.com/rust-lang/crates.io-index"
checksum = "971f5d9d495b5c5c3486453eb27d2c3c6195bc16b4340eead8af6b77441d717a"
dependencies = [
 "arborium-sysroot",
 "cc",
 "tree-sitter-language",
]

[[package]]
name = "arborium-markdown"
version = "2.12.4"
source = "registry+https://github.com/rust-lang/crates.io-index"
checksum = "212ab28466522111808f1856e90b2f97a16810096ed106d88eab9aaae254abe5"
dependencies = [
 "arborium-html",
 "arborium-sysroot",
 "arborium-toml",
 "arborium-yaml",
 "cc",
 "tree-sitter-language",
]

[[package]]
name = "arborium-matlab"
version = "2.12.4"
source = "registry+https://github.com/rust-lang/crates.io-index"
checksum = "62d8818e325d84270e96657e6e445651174bcee1cc10974b5ab68cd25238390a"
dependencies = [
 "arborium-sysroot",
 "cc",
 "tree-sitter-language",
]

[[package]]
name = "arborium-meson"
version = "2.12.4"
source = "registry+https://github.com/rust-lang/crates.io-index"
checksum = "32ff12425275d360137ad76a025fce0e3fdb0bd47a0640e0ae19486cfb091806"
dependencies = [
 "arborium-sysroot",
 "cc",
 "tree-sitter-language",
]

[[package]]
name = "arborium-nginx"
version = "2.12.4"
source = "registry+https://github.com/rust-lang/crates.io-index"
checksum = "191f75fbce31d59561c850727df4046d53ab270535bc5dcb82babc0ced901fe9"
dependencies = [
 "arborium-sysroot",
 "cc",
 "tree-sitter-language",
]

[[package]]
name = "arborium-ninja"
version = "2.12.4"
source = "registry+https://github.com/rust-lang/crates.io-index"
checksum = "276f94a92cba66e5539f5033d935e049798a69f111ebdc94a6d1cbfe284db245"
dependencies = [
 "arborium-sysroot",
 "cc",
 "tree-sitter-language",
]

[[package]]
name = "arborium-nix"
version = "2.12.4"
source = "registry+https://github.com/rust-lang/crates.io-index"
checksum = "80f2b6ff4f6aa445e8f2cf9386369b991f719eb012a97189666e32d700bbf112"
dependencies = [
 "arborium-sysroot",
 "cc",
 "tree-sitter-language",
]

[[package]]
name = "arborium-objc"
version = "2.12.4"
source = "registry+https://github.com/rust-lang/crates.io-index"
checksum = "7f6e71f53aa1e9ab808a05b9316cd368e4e95ee85d6614feb1a7ee7bc0288b46"
dependencies = [
 "arborium-c",
 "arborium-sysroot",
 "cc",
 "tree-sitter-language",
]

[[package]]
name = "arborium-ocaml"
version = "2.12.4"
source = "registry+https://github.com/rust-lang/crates.io-index"
checksum = "fc4684a59211697d61b1c0b784ffda47087e8156d41d57d659ccc0266ebc2d94"
dependencies = [
 "arborium-sysroot",
 "cc",
 "tree-sitter-language",
]

[[package]]
name = "arborium-perl"
version = "2.12.4"
source = "registry+https://github.com/rust-lang/crates.io-index"
checksum = "f1ac9c7daeab216155cfeb66a6a2bebadcce8832b8ad4396b76edb455ab5266a"
dependencies = [
 "arborium-sysroot",
 "cc",
 "tree-sitter-language",
]

[[package]]
name = "arborium-php"
version = "2.12.4"
source = "registry+https://github.com/rust-lang/crates.io-index"
checksum = "c46fde202269ddf47d31f8832597d1f2f1f71cb32c9833f4b3bf7b03bbca287e"
dependencies = [
 "arborium-sysroot",
 "cc",
 "tree-sitter-language",
]

[[package]]
name = "arborium-postscript"
version = "2.12.4"
source = "registry+https://github.com/rust-lang/crates.io-index"
checksum = "3e04cb8c330d449d062912ec4b4eb3924fc85dc84a5d1081b454b4431e6d9035"
dependencies = [
 "arborium-sysroot",
 "cc",
 "tree-sitter-language",
]

[[package]]
name = "arborium-powershell"
version = "2.12.4"
source = "registry+https://github.com/rust-lang/crates.io-index"
checksum = "9094dd0843c16b174eb6e65d2a8dc52d3cd65872cc9c225a4340c173e4eee317"
dependencies = [
 "arborium-sysroot",
 "cc",
 "tree-sitter-language",
]

[[package]]
name = "arborium-prolog"
version = "2.12.4"
source = "registry+https://github.com/rust-lang/crates.io-index"
checksum = "136d711a5e784c1acd233ba7598bcbe8e615abb7ebe55e6a3dc0022bc27e40a1"
dependencies = [
 "arborium-sysroot",
 "cc",
 "tree-sitter-language",
]

[[package]]
name = "arborium-python"
version = "2.12.4"
source = "registry+https://github.com/rust-lang/crates.io-index"
checksum = "238b5f0302091ed3655985c650a5718ee509519cff267265c6d1c7bbed2dab7b"
dependencies = [
 "arborium-sysroot",
 "cc",
 "tree-sitter-language",
]

[[package]]
name = "arborium-query"
version = "2.12.4"
source = "registry+https://github.com/rust-lang/crates.io-index"
checksum = "e9a40d3d121f8a43c17f24a5a333d77bf9daf10b291923d45024648d4eef541e"
dependencies = [
 "arborium-sysroot",
 "cc",
 "tree-sitter-language",
]

[[package]]
name = "arborium-r"
version = "2.12.4"
source = "registry+https://github.com/rust-lang/crates.io-index"
checksum = "36014d601e9b4ea65220561b15d0dc727d7d0ff064a631bbb1dfb43adbbf7311"
dependencies = [
 "arborium-sysroot",
 "cc",
 "tree-sitter-language",
]

[[package]]
name = "arborium-rescript"
version = "2.12.4"
source = "registry+https://github.com/rust-lang/crates.io-index"
checksum = "781023a73270ee40c718d6a64bce52e953630e29bf66017d440644f97a37dfcc"
dependencies = [
 "arborium-sysroot",
 "cc",
 "tree-sitter-language",
]

[[package]]
name = "arborium-ron"
version = "2.12.4"
source = "registry+https://github.com/rust-lang/crates.io-index"
checksum = "744340d40614d4df965e94050ca5988aa2c3d5bed3a40961353d7c7826919529"
dependencies = [
 "arborium-sysroot",
 "cc",
 "tree-sitter-language",
]

[[package]]
name = "arborium-ruby"
version = "2.12.4"
source = "registry+https://github.com/rust-lang/crates.io-index"
checksum = "b29e79b64b9d16fc07b2d3ef8cb7f38a076da915e45aadc0d0c25fbed43b565b"
dependencies = [
 "arborium-sysroot",
 "cc",
 "tree-sitter-language",
]

[[package]]
name = "arborium-rust"
version = "2.12.4"
source = "registry+https://github.com/rust-lang/crates.io-index"
checksum = "7cb8f7807f24378b693a09243bc02f5433d038beaa3c2de8513e025de8e921b3"
dependencies = [
 "arborium-sysroot",
 "cc",
 "tree-sitter-language",
]

[[package]]
name = "arborium-scala"
version = "2.12.4"
source = "registry+https://github.com/rust-lang/crates.io-index"
checksum = "2e6a7995daaa1135ea5d1bffa30372d8fbf789094d4990c7e5d09ab9a893dff9"
dependencies = [
 "arborium-sysroot",
 "cc",
 "tree-sitter-language",
]

[[package]]
name = "arborium-scheme"
version = "2.12.4"
source = "registry+https://github.com/rust-lang/crates.io-index"
checksum = "6fc777063a78cd8ff6adb178f29ce1ea79efe654c003654d8550055dc39b9cbe"
dependencies = [
 "arborium-sysroot",
 "cc",
 "tree-sitter-language",
]

[[package]]
name = "arborium-scss"
version = "2.12.4"
source = "registry+https://github.com/rust-lang/crates.io-index"
checksum = "2a6974f7bc70db00db9d2750d79f87cf95b120568b53f1107784e3377438d2cc"
dependencies = [
 "arborium-css",
 "arborium-sysroot",
 "cc",
 "tree-sitter-language",
]

[[package]]
name = "arborium-solidity"
version = "2.12.4"
source = "registry+https://github.com/rust-lang/crates.io-index"
checksum = "88401b40c1d1030fd903c113af81dbc7e69953f732f5a33afc65a6f5a2d962a9"
dependencies = [
 "arborium-sysroot",
 "cc",
 "tree-sitter-language",
]

[[package]]
name = "arborium-sparql"
version = "2.12.4"
source = "registry+https://github.com/rust-lang/crates.io-index"
checksum = "d502543bbfb11d7c8e437a244a13a1e542b6883b93fd5ad6747acb43166edcc4"
dependencies = [
 "arborium-sysroot",
 "cc",
 "tree-sitter-language",
]

[[package]]
name = "arborium-sql"
version = "2.12.4"
source = "registry+https://github.com/rust-lang/crates.io-index"
checksum = "1286d20e55299442f80c5ac1b1bbe05d6a40fc1fa0cc40951be1c171ef5b5754"
dependencies = [
 "arborium-sysroot",
 "cc",
 "tree-sitter-language",
]

[[package]]
name = "arborium-ssh-config"
version = "2.12.4"
source = "registry+https://github.com/rust-lang/crates.io-index"
checksum = "19fe5acd4dc1376e27571855923e350ded25693c079d20125dcdb8dbd89240e7"
dependencies = [
 "arborium-sysroot",
 "cc",
 "tree-sitter-language",
]

[[package]]
name = "arborium-starlark"
version = "2.12.4"
source = "registry+https://github.com/rust-lang/crates.io-index"
checksum = "54122ffc11c2aea481aa023d917dce0c3bce6ab0ef47eb473a4745537de0c74d"
dependencies = [
 "arborium-sysroot",
 "cc",
 "tree-sitter-language",
]

[[package]]
name = "arborium-styx"
version = "2.12.4"
source = "registry+https://github.com/rust-lang/crates.io-index"
checksum = "244dca3f0d1a3d183b4b4267aa783117b9354e476237c2e146f0573791b4dfab"
dependencies = [
 "arborium-sysroot",
 "cc",
 "tree-sitter-language",
]

[[package]]
name = "arborium-svelte"
version = "2.12.4"
source = "registry+https://github.com/rust-lang/crates.io-index"
checksum = "8dce1fe39830ab4f9c91b52563e6a2bd00a78709d9e0374545615ba3caea7ba5"
dependencies = [
 "arborium-css",
 "arborium-html",
 "arborium-javascript",
 "arborium-scss",
 "arborium-sysroot",
 "arborium-typescript",
 "cc",
 "tree-sitter-language",
]

[[package]]
name = "arborium-swift"
version = "2.12.4"
source = "registry+https://github.com/rust-lang/crates.io-index"
checksum = "de1a1968b64c656d6e27650787085e58da44e0b1fb14edaee39c12f95886cb04"
dependencies = [
 "arborium-sysroot",
 "cc",
 "tree-sitter-language",
]

[[package]]
name = "arborium-sysroot"
version = "2.12.4"
source = "registry+https://github.com/rust-lang/crates.io-index"
checksum = "0bb50cd4c0ca81b150c7febeda402defe3dbee3ed36adc547408b35067caf0c0"
dependencies = [
 "cc",
 "dlmalloc",
]

[[package]]
name = "arborium-textproto"
version = "2.12.4"
source = "registry+https://github.com/rust-lang/crates.io-index"
checksum = "818b00f27559306309308548ac7a6fddf9018855d7d317069fafbb197ea1ef94"
dependencies = [
 "arborium-sysroot",
 "cc",
 "tree-sitter-language",
]

[[package]]
name = "arborium-theme"
version = "2.12.4"
source = "registry+https://github.com/rust-lang/crates.io-index"
checksum = "59ab5a4ce30eab4ddbd778149c761007613d4a94f5bb55ffb716ba459e0e8f0b"

[[package]]
name = "arborium-thrift"
version = "2.12.4"
source = "registry+https://github.com/rust-lang/crates.io-index"
checksum = "e9c06fb2e3303d0e0395e304f8b115f7e7b0786c61d39f682450f572e920efec"
dependencies = [
 "arborium-sysroot",
 "cc",
 "tree-sitter-language",
]

[[package]]
name = "arborium-tlaplus"
version = "2.12.4"
source = "registry+https://github.com/rust-lang/crates.io-index"
checksum = "3f0790e2c7f2c8c1a1c3673f234ce35f391e4c4e837d6d11eb1cab3b8851b778"
dependencies = [
 "arborium-sysroot",
 "cc",
 "tree-sitter-language",
]

[[package]]
name = "arborium-toml"
version = "2.12.4"
source = "registry+https://github.com/rust-lang/crates.io-index"
checksum = "89011730c92cf930c58742c883c7bdc9094a2d5c98a81c7fb7979e7fddc69818"
dependencies = [
 "arborium-sysroot",
 "cc",
 "tree-sitter-language",
]

[[package]]
name = "arborium-tree-sitter"
version = "2.12.4"
source = "registry+https://github.com/rust-lang/crates.io-index"
checksum = "ddc35c735c83308af3eabb0c35103dd2dbcfc3bccf51d4660719843feb77707a"
dependencies = [
 "arborium-sysroot",
 "cc",
 "regex",
 "regex-syntax",
 "streaming-iterator",
 "tree-sitter-language",
]

[[package]]
name = "arborium-tsx"
version = "2.12.4"
source = "registry+https://github.com/rust-lang/crates.io-index"
checksum = "51011002d52bc6c896da9a7d34c7caf620609bce2d79c593a1fd8a46c6412e32"
dependencies = [
 "arborium-javascript",
 "arborium-sysroot",
 "cc",
 "tree-sitter-language",
]

[[package]]
name = "arborium-typescript"
version = "2.12.4"
source = "registry+https://github.com/rust-lang/crates.io-index"
checksum = "557d8143d10e1ee53549d2769ac82d8432b0b0b701abfa28ced0aa3a2f5db0fd"
dependencies = [
 "arborium-javascript",
 "arborium-sysroot",
 "cc",
 "tree-sitter-language",
]

[[package]]
name = "arborium-typst"
version = "2.12.4"
source = "registry+https://github.com/rust-lang/crates.io-index"
checksum = "50ce1e358604a4a477098e637bac1f6a641ca231a68b61818cb3cb4d53dc7a9e"
dependencies = [
 "arborium-sysroot",
 "cc",
 "tree-sitter-language",
]

[[package]]
name = "arborium-uiua"
version = "2.12.4"
source = "registry+https://github.com/rust-lang/crates.io-index"
checksum = "6b363b2a7d62eeb35651ef34ce0f556440ed079c14f07b6be88e787197803d48"
dependencies = [
 "arborium-sysroot",
 "cc",
 "tree-sitter-language",
]

[[package]]
name = "arborium-vb"
version = "2.12.4"
source = "registry+https://github.com/rust-lang/crates.io-index"
checksum = "40284788b033d2d6903c5fafd48262f6f317f8cd352b8882a75f206e32aee54d"
dependencies = [
 "arborium-sysroot",
 "cc",
 "tree-sitter-language",
]

[[package]]
name = "arborium-verilog"
version = "2.12.4"
source = "registry+https://github.com/rust-lang/crates.io-index"
checksum = "3e844c2671a84aa858334f272a30259d943accda4eaca07ba858e02a0e32f85b"
dependencies = [
 "arborium-sysroot",
 "cc",
 "tree-sitter-language",
]

[[package]]
name = "arborium-vhdl"
version = "2.12.4"
source = "registry+https://github.com/rust-lang/crates.io-index"
checksum = "ec2a649780a762b32a0dd7b893976383497eb46b95bfb23122310a6c9766e0f9"
dependencies = [
 "arborium-sysroot",
 "cc",
 "tree-sitter-language",
]

[[package]]
name = "arborium-vim"
version = "2.12.4"
source = "registry+https://github.com/rust-lang/crates.io-index"
checksum = "b2d26576d31b392cf3fb1e16310f2295059cbe4f8a0ec308a500198d7bf416cb"
dependencies = [
 "arborium-sysroot",
 "cc",
 "tree-sitter-language",
]

[[package]]
name = "arborium-vue"
version = "2.12.4"
source = "registry+https://github.com/rust-lang/crates.io-index"
checksum = "f2ea8fa6c042fd4640f214b85b3f26441ceca51694fad80a1e1425fdfcdc5536"
dependencies = [
 "arborium-css",
 "arborium-html",
 "arborium-javascript",
 "arborium-scss",
 "arborium-sysroot",
 "arborium-typescript",
 "cc",
 "tree-sitter-language",
]

[[package]]
name = "arborium-wit"
version = "2.12.4"
source = "registry+https://github.com/rust-lang/crates.io-index"
checksum = "58fc40e981799d4ddc0b38f70a3b3fd7d3947f5b501e845971701333297c87df"
dependencies = [
 "arborium-sysroot",
 "cc",
 "tree-sitter-language",
]

[[package]]
name = "arborium-x86asm"
version = "2.12.4"
source = "registry+https://github.com/rust-lang/crates.io-index"
checksum = "32bedf48344e52fa4746e5040cf6be707a3183439c7196d422dece7b3c6760b2"
dependencies = [
 "arborium-sysroot",
 "cc",
 "tree-sitter-language",
]

[[package]]
name = "arborium-xml"
version = "2.12.4"
source = "registry+https://github.com/rust-lang/crates.io-index"
checksum = "91c6a9de636c05e0466512378dee4715bdc83201295a1076717927732d9783d1"
dependencies = [
 "arborium-sysroot",
 "cc",
 "tree-sitter-language",
]

[[package]]
name = "arborium-yaml"
version = "2.12.4"
source = "registry+https://github.com/rust-lang/crates.io-index"
checksum = "94abc402a31ca04e4ee7a24407c4d703c40d2ba54ca880f1fdb90311407778d0"
dependencies = [
 "arborium-sysroot",
 "cc",
 "tree-sitter-language",
]

[[package]]
name = "arborium-yuri"
version = "2.12.4"
source = "registry+https://github.com/rust-lang/crates.io-index"
checksum = "6dea5a91ef68681b0949c63dd2d9111d2aeba28ecac725d5880da5315462605e"
dependencies = [
 "arborium-sysroot",
 "cc",
 "tree-sitter-language",
]

[[package]]
name = "arborium-zig"
version = "2.12.4"
source = "registry+https://github.com/rust-lang/crates.io-index"
checksum = "7e65654cd7687df958dd8377e61f691db72edbcb352556e02bc87471461f6acf"
dependencies = [
 "arborium-sysroot",
 "cc",
 "tree-sitter-language",
]

[[package]]
name = "arborium-zsh"
version = "2.12.4"
source = "registry+https://github.com/rust-lang/crates.io-index"
checksum = "52377e9afe7138a2679947a6f20debada52d36743faf97a4fc013da6e081fbbb"
dependencies = [
 "arborium-sysroot",
 "cc",
 "tree-sitter-language",
]

[[package]]
name = "bitflags"
version = "1.3.2"
source = "registry+https://github.com/rust-lang/crates.io-index"
checksum = "bef38d45163c2f1dde094a7dfd33ccf595c92905c8f8f4fdc18d06fb1037718a"

[[package]]
name = "bitflags"
version = "2.10.0"
source = "registry+https://github.com/rust-lang/crates.io-index"
checksum = "812e12b5285cc515a9c72a5c1d3b6d46a19dac5acfef5265968c166106e31dd3"

[[package]]
name = "cc"
version = "1.2.54"
source = "registry+https://github.com/rust-lang/crates.io-index"
checksum = "6354c81bbfd62d9cfa9cb3c773c2b7b2a3a482d569de977fd0e961f6e7c00583"
dependencies = [
 "find-msvc-tools",
 "shlex",
]

[[package]]
name = "cfg-if"
version = "1.0.4"
source = "registry+https://github.com/rust-lang/crates.io-index"
checksum = "9330f8b2ff13f34540b44e946ef35111825727b38d33286ef986142615121801"

[[package]]
name = "clap"
version = "4.5.54"
source = "registry+https://github.com/rust-lang/crates.io-index"
checksum = "c6e6ff9dcd79cff5cd969a17a545d79e84ab086e444102a591e288a8aa3ce394"
dependencies = [
 "clap_builder",
 "clap_derive",
]

[[package]]
name = "clap_builder"
version = "4.5.54"
source = "registry+https://github.com/rust-lang/crates.io-index"
checksum = "fa42cf4d2b7a41bc8f663a7cab4031ebafa1bf3875705bfaf8466dc60ab52c00"
dependencies = [
 "anstream",
 "anstyle",
 "clap_lex",
 "strsim",
]

[[package]]
name = "clap_derive"
version = "4.5.49"
source = "registry+https://github.com/rust-lang/crates.io-index"
checksum = "2a0b5487afeab2deb2ff4e03a807ad1a03ac532ff5a2cee5d86884440c7f7671"
dependencies = [
 "heck",
 "proc-macro2",
 "quote",
 "syn",
]

[[package]]
name = "clap_lex"
version = "0.7.7"
source = "registry+https://github.com/rust-lang/crates.io-index"
checksum = "c3e64b0cc0439b12df2fa678eae89a1c56a529fd067a9115f7827f1fffd22b32"

[[package]]
name = "colorchoice"
version = "1.0.4"
source = "registry+https://github.com/rust-lang/crates.io-index"
checksum = "b05b61dc5112cbb17e4b6cd61790d9845d13888356391624cbe7e41efeac1e75"

[[package]]
name = "dlmalloc"
version = "0.2.12"
source = "registry+https://github.com/rust-lang/crates.io-index"
checksum = "6738d2e996274e499bc7b0d693c858b7720b9cd2543a0643a3087e6cb0a4fa16"
dependencies = [
 "cfg-if",
 "libc",
 "windows-sys 0.61.2",
]

[[package]]
name = "equivalent"
version = "1.0.2"
source = "registry+https://github.com/rust-lang/crates.io-index"
checksum = "877a4ace8713b0bcf2a4e7eec82529c029f1d0619886d18145fea96c3ffe5c0f"

[[package]]
name = "find-msvc-tools"
version = "0.1.8"
source = "registry+https://github.com/rust-lang/crates.io-index"
checksum = "8591b0bcc8a98a64310a2fae1bb3e9b8564dd10e381e6e28010fde8e8e8568db"

[[package]]
name = "fsevent-sys"
version = "4.1.0"
source = "registry+https://github.com/rust-lang/crates.io-index"
checksum = "76ee7a02da4d231650c7cea31349b889be2f45ddb3ef3032d2ec8185f6313fd2"
dependencies = [
 "libc",
]

[[package]]
name = "hashbrown"
version = "0.16.1"
source = "registry+https://github.com/rust-lang/crates.io-index"
checksum = "841d1cc9bed7f9236f321df977030373f4a4163ae1a7dbfe1a51a2c1a51d9100"

[[package]]
name = "heck"
version = "0.5.0"
source = "registry+https://github.com/rust-lang/crates.io-index"
checksum = "2304e00983f87ffb38b55b444b5e3b60a884b5d30c0fca7d82fe33449bbe55ea"

[[package]]
name = "indexmap"
version = "2.13.0"
source = "registry+https://github.com/rust-lang/crates.io-index"
checksum = "7714e70437a7dc3ac8eb7e6f8df75fd8eb422675fc7678aff7364301092b1017"
dependencies = [
 "equivalent",
 "hashbrown",
]

[[package]]
name = "inotify"
version = "0.11.0"
source = "registry+https://github.com/rust-lang/crates.io-index"
checksum = "f37dccff2791ab604f9babef0ba14fbe0be30bd368dc541e2b08d07c8aa908f3"
dependencies = [
 "bitflags 2.10.0",
 "inotify-sys",
 "libc",
]

[[package]]
name = "inotify-sys"
version = "0.1.5"
source = "registry+https://github.com/rust-lang/crates.io-index"
checksum = "e05c02b5e89bff3b946cedeca278abc628fe811e604f027c45a8aa3cf793d0eb"
dependencies = [
 "libc",
]

[[package]]
name = "is_terminal_polyfill"
version = "1.70.2"
source = "registry+https://github.com/rust-lang/crates.io-index"
checksum = "a6cb138bb79a146c1bd460005623e142ef0181e3d0219cb493e02f7d08a35695"

[[package]]
name = "itoa"
version = "1.0.17"
source = "registry+https://github.com/rust-lang/crates.io-index"
checksum = "92ecc6618181def0457392ccd0ee51198e065e016d1d527a7ac1b6dc7c1f09d2"

[[package]]
name = "kqueue"
version = "1.1.1"
source = "registry+https://github.com/rust-lang/crates.io-index"
checksum = "eac30106d7dce88daf4a3fcb4879ea939476d5074a9b7ddd0fb97fa4bed5596a"
dependencies = [
 "kqueue-sys",
 "libc",
]

[[package]]
name = "kqueue-sys"
version = "1.0.4"
source = "registry+https://github.com/rust-lang/crates.io-index"
checksum = "ed9625ffda8729b85e45cf04090035ac368927b8cebc34898e7c120f52e4838b"
dependencies = [
 "bitflags 1.3.2",
 "libc",
]

[[package]]
name = "libc"
version = "0.2.180"
source = "registry+https://github.com/rust-lang/crates.io-index"
checksum = "bcc35a38544a891a5f7c865aca548a982ccb3b8650a5b06d0fd33a10283c56fc"

[[package]]
name = "log"
version = "0.4.29"
source = "registry+https://github.com/rust-lang/crates.io-index"
checksum = "5e5032e24019045c762d3c0f28f5b6b8bbf38563a65908389bf7978758920897"

[[package]]
name = "memchr"
version = "2.7.6"
source = "registry+https://github.com/rust-lang/crates.io-index"
checksum = "f52b00d39961fc5b2736ea853c9cc86238e165017a493d1d5c8eac6bdc4cc273"

[[package]]
name = "mio"
version = "1.1.1"
source = "registry+https://github.com/rust-lang/crates.io-index"
checksum = "a69bcab0ad47271a0234d9422b131806bf3968021e5dc9328caf2d4cd58557fc"
dependencies = [
 "libc",
 "log",
 "wasi",
 "windows-sys 0.61.2",
]

[[package]]
name = "notify"
version = "8.2.0"
source = "registry+https://github.com/rust-lang/crates.io-index"
checksum = "4d3d07927151ff8575b7087f245456e549fea62edf0ec4e565a5ee50c8402bc3"
dependencies = [
 "bitflags 2.10.0",
 "fsevent-sys",
 "inotify",
 "kqueue",
 "libc",
 "log",
 "mio",
 "notify-types",
 "walkdir",
 "windows-sys 0.60.2",
]

[[package]]
name = "notify-types"
version = "2.1.0"
source = "registry+https://github.com/rust-lang/crates.io-index"
checksum = "42b8cfee0e339a0337359f3c88165702ac6e600dc01c0cc9579a92d62b08477a"
dependencies = [
 "bitflags 2.10.0",
]

[[package]]
name = "once_cell_polyfill"
version = "1.70.2"
source = "registry+https://github.com/rust-lang/crates.io-index"
checksum = "384b8ab6d37215f3c5301a95a4accb5d64aa607f1fcb26a11b5303878451b4fe"

[[package]]
name = "owo-colors"
version = "4.2.3"
source = "registry+https://github.com/rust-lang/crates.io-index"
checksum = "9c6901729fa79e91a0913333229e9ca5dc725089d1c363b2f4b4760709dc4a52"

[[package]]
name = "proc-macro2"
version = "1.0.106"
source = "registry+https://github.com/rust-lang/crates.io-index"
checksum = "8fd00f0bb2e90d81d1044c2b32617f68fcb9fa3bb7640c23e9c748e53fb30934"
dependencies = [
 "unicode-ident",
]

[[package]]
name = "quote"
version = "1.0.44"
source = "registry+https://github.com/rust-lang/crates.io-index"
checksum = "21b2ebcf727b7760c461f091f9f0f539b77b8e87f2fd88131e7f1b433b3cece4"
dependencies = [
 "proc-macro2",
]

[[package]]
name = "regex"
version = "1.12.2"
source = "registry+https://github.com/rust-lang/crates.io-index"
checksum = "843bc0191f75f3e22651ae5f1e72939ab2f72a4bc30fa80a066bd66edefc24d4"
dependencies = [
 "aho-corasick",
 "memchr",
 "regex-automata",
 "regex-syntax",
]

[[package]]
name = "regex-automata"
version = "0.4.13"
source = "registry+https://github.com/rust-lang/crates.io-index"
checksum = "5276caf25ac86c8d810222b3dbb938e512c55c6831a10f3e6ed1c93b84041f1c"
dependencies = [
 "aho-corasick",
 "memchr",
 "regex-syntax",
]

[[package]]
name = "regex-syntax"
version = "0.8.8"
source = "registry+https://github.com/rust-lang/crates.io-index"
checksum = "7a2d987857b319362043e95f5353c0535c1f58eec5336fdfcf626430af7def58"

[[package]]
name = "ryu"
version = "1.0.22"
source = "registry+https://github.com/rust-lang/crates.io-index"
checksum = "a50f4cf475b65d88e057964e0e9bb1f0aa9bbb2036dc65c64596b42932536984"

[[package]]
name = "same-file"
version = "1.0.6"
source = "registry+https://github.com/rust-lang/crates.io-index"
checksum = "93fc1dc3aaa9bfed95e02e6eadabb4baf7e3078b0bd1b4d7b6b0b68378900502"
dependencies = [
 "winapi-util",
]

[[package]]
name = "serde"
version = "1.0.228"
source = "registry+https://github.com/rust-lang/crates.io-index"
checksum = "9a8e94ea7f378bd32cbbd37198a4a91436180c5bb472411e48b5ec2e2124ae9e"
dependencies = [
 "serde_core",
 "serde_derive",
]

[[package]]
name = "serde_core"
version = "1.0.228"
source = "registry+https://github.com/rust-lang/crates.io-index"
checksum = "41d385c7d4ca58e59fc732af25c3983b67ac852c1a25000afe1175de458b67ad"
dependencies = [
 "serde_derive",
]

[[package]]
name = "serde_derive"
version = "1.0.228"
source = "registry+https://github.com/rust-lang/crates.io-index"
checksum = "d540f220d3187173da220f885ab66608367b6574e925011a9353e4badda91d79"
dependencies = [
 "proc-macro2",
 "quote",
 "syn",
]

[[package]]
name = "serde_spanned"
version = "0.6.9"
source = "registry+https://github.com/rust-lang/crates.io-index"
checksum = "bf41e0cfaf7226dca15e8197172c295a782857fcb97fad1808a166870dee75a3"
dependencies = [
 "serde",
]

[[package]]
name = "serde_yaml"
version = "0.9.34+deprecated"
source = "registry+https://github.com/rust-lang/crates.io-index"
checksum = "6a8b1a1a2ebf674015cc02edccce75287f1a0130d394307b36743c2f5d504b47"
dependencies = [
 "indexmap",
 "itoa",
 "ryu",
 "serde",
 "unsafe-libyaml",
]

[[package]]
name = "shlex"
version = "1.3.0"
source = "registry+https://github.com/rust-lang/crates.io-index"
checksum = "0fda2ff0d084019ba4d7c6f371c95d8fd75ce3524c3cb8fb653a3023f6323e64"

[[package]]
name = "streaming-iterator"
version = "0.1.9"
source = "registry+https://github.com/rust-lang/crates.io-index"
checksum = "2b2231b7c3057d5e4ad0156fb3dc807d900806020c5ffa3ee6ff2c8c76fb8520"

[[package]]
name = "strsim"
version = "0.11.1"
source = "registry+https://github.com/rust-lang/crates.io-index"
checksum = "7da8b5736845d9f2fcb837ea5d9e2628564b3b043a70948a3f0b778838c5fb4f"

[[package]]
name = "syn"
version = "2.0.114"
source = "registry+https://github.com/rust-lang/crates.io-index"
checksum = "d4d107df263a3013ef9b1879b0df87d706ff80f65a86ea879bd9c31f9b307c2a"
dependencies = [
 "proc-macro2",
 "quote",
 "unicode-ident",
]

[[package]]
name = "toml"
version = "0.8.23"
source = "registry+https://github.com/rust-lang/crates.io-index"
checksum = "dc1beb996b9d83529a9e75c17a1686767d148d70663143c7854d8b4a09ced362"
dependencies = [
 "serde",
 "serde_spanned",
 "toml_datetime",
 "toml_edit",
]

[[package]]
name = "toml_datetime"
version = "0.6.11"
source = "registry+https://github.com/rust-lang/crates.io-index"
checksum = "22cddaf88f4fbc13c51aebbf5f8eceb5c7c5a9da2ac40a13519eb5b0a0e8f11c"
dependencies = [
 "serde",
]

[[package]]
name = "toml_edit"
version = "0.22.27"
source = "registry+https://github.com/rust-lang/crates.io-index"
checksum = "41fe8c660ae4257887cf66394862d21dbca4a6ddd26f04a3560410406a2f819a"
dependencies = [
 "indexmap",
 "serde",
 "serde_spanned",
 "toml_datetime",
 "toml_write",
 "winnow",
]

[[package]]
name = "toml_write"
version = "0.1.2"
source = "registry+https://github.com/rust-lang/crates.io-index"
checksum = "5d99f8c9a7727884afe522e9bd5edbfc91a3312b36a77b5fb8926e4c31a41801"

[[package]]
name = "tree-sitter-language"
version = "0.1.6"
source = "registry+https://github.com/rust-lang/crates.io-index"
checksum = "4ae62f7eae5eb549c71b76658648b72cc6111f2d87d24a1e31fa907f4943e3ce"

[[package]]
name = "unicode-ident"
version = "1.0.22"
source = "registry+https://github.com/rust-lang/crates.io-index"
checksum = "9312f7c4f6ff9069b165498234ce8be658059c6728633667c526e27dc2cf1df5"

[[package]]
name = "unsafe-libyaml"
version = "0.2.11"
source = "registry+https://github.com/rust-lang/crates.io-index"
checksum = "673aac59facbab8a9007c7f6108d11f63b603f7cabff99fabf650fea5c32b861"

[[package]]
name = "utf8parse"
version = "0.2.2"
source = "registry+https://github.com/rust-lang/crates.io-index"
checksum = "06abde3611657adf66d383f00b093d7faecc7fa57071cce2578660c9f1010821"

[[package]]
name = "walkdir"
version = "2.5.0"
source = "registry+https://github.com/rust-lang/crates.io-index"
checksum = "29790946404f91d9c5d06f9874efddea1dc06c5efe94541a7d6863108e3a5e4b"
dependencies = [
 "same-file",
 "winapi-util",
]

[[package]]
name = "wasi"
version = "0.11.1+wasi-snapshot-preview1"
source = "registry+https://github.com/rust-lang/crates.io-index"
checksum = "ccf3ec651a847eb01de73ccad15eb7d99f80485de043efb2f370cd654f4ea44b"

[[package]]
name = "winapi-util"
version = "0.1.11"
source = "registry+https://github.com/rust-lang/crates.io-index"
checksum = "c2a7b1c03c876122aa43f3020e6c3c3ee5c05081c9a00739faf7503aeba10d22"
dependencies = [
 "windows-sys 0.61.2",
]

[[package]]
name = "windows-link"
version = "0.2.1"
source = "registry+https://github.com/rust-lang/crates.io-index"
checksum = "f0805222e57f7521d6a62e36fa9163bc891acd422f971defe97d64e70d0a4fe5"

[[package]]
name = "windows-sys"
version = "0.60.2"
source = "registry+https://github.com/rust-lang/crates.io-index"
checksum = "f2f500e4d28234f72040990ec9d39e3a6b950f9f22d3dba18416c35882612bcb"
dependencies = [
 "windows-targets",
]

[[package]]
name = "windows-sys"
version = "0.61.2"
source = "registry+https://github.com/rust-lang/crates.io-index"
checksum = "ae137229bcbd6cdf0f7b80a31df61766145077ddf49416a728b02cb3921ff3fc"
dependencies = [
 "windows-link",
]

[[package]]
name = "windows-targets"
version = "0.53.5"
source = "registry+https://github.com/rust-lang/crates.io-index"
checksum = "4945f9f551b88e0d65f3db0bc25c33b8acea4d9e41163edf90dcd0b19f9069f3"
dependencies = [
 "windows-link",
 "windows_aarch64_gnullvm",
 "windows_aarch64_msvc",
 "windows_i686_gnu",
 "windows_i686_gnullvm",
 "windows_i686_msvc",
 "windows_x86_64_gnu",
 "windows_x86_64_gnullvm",
 "windows_x86_64_msvc",
]

[[package]]
name = "windows_aarch64_gnullvm"
version = "0.53.1"
source = "registry+https://github.com/rust-lang/crates.io-index"
checksum = "a9d8416fa8b42f5c947f8482c43e7d89e73a173cead56d044f6a56104a6d1b53"

[[package]]
name = "windows_aarch64_msvc"
version = "0.53.1"
source = "registry+https://github.com/rust-lang/crates.io-index"
checksum = "b9d782e804c2f632e395708e99a94275910eb9100b2114651e04744e9b125006"

[[package]]
name = "windows_i686_gnu"
version = "0.53.1"
source = "registry+https://github.com/rust-lang/crates.io-index"
checksum = "960e6da069d81e09becb0ca57a65220ddff016ff2d6af6a223cf372a506593a3"

[[package]]
name = "windows_i686_gnullvm"
version = "0.53.1"
source = "registry+https://github.com/rust-lang/crates.io-index"
checksum = "fa7359d10048f68ab8b09fa71c3daccfb0e9b559aed648a8f95469c27057180c"

[[package]]
name = "windows_i686_msvc"
version = "0.53.1"
source = "registry+https://github.com/rust-lang/crates.io-index"
checksum = "1e7ac75179f18232fe9c285163565a57ef8d3c89254a30685b57d83a38d326c2"

[[package]]
name = "windows_x86_64_gnu"
version = "0.53.1"
source = "registry+https://github.com/rust-lang/crates.io-index"
checksum = "9c3842cdd74a865a8066ab39c8a7a473c0778a3f29370b5fd6b4b9aa7df4a499"

[[package]]
name = "windows_x86_64_gnullvm"
version = "0.53.1"
source = "registry+https://github.com/rust-lang/crates.io-index"
checksum = "0ffa179e2d07eee8ad8f57493436566c7cc30ac536a3379fdf008f47f6bb7ae1"

[[package]]
name = "windows_x86_64_msvc"
version = "0.53.1"
source = "registry+https://github.com/rust-lang/crates.io-index"
checksum = "d6bbff5f0aada427a1e5a6da5f1f98158182f26556f345ac9e04d36d0ebed650"

[[package]]
name = "winnow"
version = "0.7.14"
source = "registry+https://github.com/rust-lang/crates.io-index"
checksum = "5a5364e9d77fcdeeaa6062ced926ee3381faa2ee02d3eb83a5c27a8825540829"
dependencies = [
 "memchr",
]
